
Microsoft Visual Studio Solution File, Format Version 12.00
# Visual Studio Version 16
VisualStudioVersion = 16.0.32228.343
MinimumVisualStudioVersion = 10.0.40219.1
Project("{FAE04EC0-301F-11D3-BF4B-00C04F79EFBC}") = "AITR", "AITR\AITR.csproj", "{0C334A07-4B10-471E-8AC3-0A3E4C7A3E2D}"
EndProject
Global
	GlobalSection(SolutionConfigurationPlatforms) = preSolution
		Debug|Any CPU = Debug|Any CPU
		Release|Any CPU = Release|Any CPU
	EndGlobalSection
	GlobalSection(ProjectConfigurationPlatforms) = postSolution
		{0C334A07-4B10-471E-8AC3-0A3E4C7A3E2D}.Debug|Any CPU.ActiveCfg = Debug|Any CPU
		{0C334A07-4B10-471E-8AC3-0A3E4C7A3E2D}.Debug|Any CPU.Build.0 = Debug|Any CPU
		{0C334A07-4B10-471E-8AC3-0A3E4C7A3E2D}.Release|Any CPU.ActiveCfg = Release|Any CPU
		{0C334A07-4B10-471E-8AC3-0A3E4C7A3E2D}.Release|Any CPU.Build.0 = Release|Any CPU
	EndGlobalSection
	GlobalSection(SolutionProperties) = preSolution
		HideSolutionNode = FALSE
	EndGlobalSection
	GlobalSection(ExtensibilityGlobals) = postSolution
		SolutionGuid = {D70E630A-15D0-4012-91AA-D29FEAFDD847}
	EndGlobalSection
EndGlobal
